{
  "name": "bun-examples",
  "lockfileVersion": 3,
  "requires": true,
  "packages": {
    "": {
      "devDependencies": {
        "bun-types": "1.0.1"
      }
    },
    "node_modules/bun-types": {
      "version": "1.0.1",
      "resolved": "https://registry.npmjs.org/bun-types/-/bun-types-1.0.1.tgz",
      "integrity": "sha512-7NrXqhMIaNKmWn2dSWEQ50znMZqrN/5Z0NBMXvQTRu/+Y1CvoXRznFy0pnqLe024CeZgVdXoEpARNO1JZLAPGw==",
      "dev": true
    }
  }
}
